
Microsoft Visual Studio Solution File, Format Version 12.00
# Visual Studio 15
VisualStudioVersion = 15.0.28307.902
MinimumVisualStudioVersion = 10.0.40219.1
Project("{FAE04EC0-301F-11D3-BF4B-00C04F79EFBC}") = "WebApplication2", "WebApplication2\WebApplication2.csproj", "{969393EE-80EB-42DE-AE84-C72154DBA0FB}"
EndProject
Global
	GlobalSection(SolutionConfigurationPlatforms) = preSolution
		Debug|Any CPU = Debug|Any CPU
		Release|Any CPU = Release|Any CPU
	EndGlobalSection
	GlobalSection(ProjectConfigurationPlatforms) = postSolution
		{969393EE-80EB-42DE-AE84-C72154DBA0FB}.Debug|Any CPU.ActiveCfg = Debug|Any CPU
		{969393EE-80EB-42DE-AE84-C72154DBA0FB}.Debug|Any CPU.Build.0 = Debug|Any CPU
		{969393EE-80EB-42DE-AE84-C72154DBA0FB}.Release|Any CPU.ActiveCfg = Release|Any CPU
		{969393EE-80EB-42DE-AE84-C72154DBA0FB}.Release|Any CPU.Build.0 = Release|Any CPU
	EndGlobalSection
	GlobalSection(SolutionProperties) = preSolution
		HideSolutionNode = FALSE
	EndGlobalSection
	GlobalSection(ExtensibilityGlobals) = postSolution
		SolutionGuid = {3FDD89E5-9726-4477-8C11-841879C50D13}
	EndGlobalSection
EndGlobal
